{
  "version": 4,
  "terraform_version": "1.7.0",
  "serial": 1472,
  "lineage": "16bf662b-a28d-b5fa-ffe8-e1d7b3abdf43",
  "outputs": {
    "external_ip_address_vm-basion": {
      "value": "158.160.142.12",
      "type": "string"
    }
  },
  "resources": [
    {
      "mode": "data",
      "type": "template_file",
      "name": "inventory",
      "provider": "provider[\"registry.terraform.io/hashicorp/template\"]",
      "instances": [
        {
          "schema_version": 0,
          "attributes": {
            "filename": null,
            "id": "a1cbbc16cbd235c86b8bfbba7c68bf6378b7fa41a634048c32b1b99b388e399e",
            "rendered": "[proxy]\r\n158.160.142.12\r\n\r\n[nginx]\r\nweb-server-1.ru-central1.internal\r\nweb-server-2.ru-central1.internal\r\n\r\n\r\n[zabbix]\r\nzabbix.ru-central1.internal\r\n\r\n[elastic]\r\nelastic.ru-central1.internal\r\n\r\n[kibana]\r\nkibana.ru-central1.internal\r\n\r\n[all:vars]\r\nzabbix='10.0.3.22'\r\nansible_ssh_common_args='-o ProxyCommand=\\\"ssh -W %h:%p -q debian@158.160.142.12\\\" -o StrictHostKeyChecking=no'",
            "template": "[proxy]\r\n${bastion}\r\n\r\n[nginx]\r\nweb-server-1.ru-central1.internal\r\nweb-server-2.ru-central1.internal\r\n\r\n\r\n[zabbix]\r\nzabbix.ru-central1.internal\r\n\r\n[elastic]\r\nelastic.ru-central1.internal\r\n\r\n[kibana]\r\nkibana.ru-central1.internal\r\n\r\n[all:vars]\r\nzabbix='${zabbix}'\r\nansible_ssh_common_args='-o ProxyCommand=\\\"ssh -W %h:%p -q debian@${bastion}\\\" -o StrictHostKeyChecking=no'",
            "vars": {
              "bastion": "158.160.142.12",
              "zabbix": "10.0.3.22"
            }
          },
          "sensitive_attributes": []
        }
      ]
    },
    {
      "mode": "managed",
      "type": "null_resource",
      "name": "update_inventory",
      "provider": "provider[\"registry.terraform.io/hashicorp/null\"]",
      "instances": [
        {
          "schema_version": 0,
          "attributes": {
            "id": "1717066903149614379",
            "triggers": {
              "template": "[proxy]\r\n158.160.142.12\r\n\r\n[nginx]\r\nweb-server-1.ru-central1.internal\r\nweb-server-2.ru-central1.internal\r\n\r\n\r\n[zabbix]\r\nzabbix.ru-central1.internal\r\n\r\n[elastic]\r\nelastic.ru-central1.internal\r\n\r\n[kibana]\r\nkibana.ru-central1.internal\r\n\r\n[all:vars]\r\nzabbix='10.0.3.22'\r\nansible_ssh_common_args='-o ProxyCommand=\\\"ssh -W %h:%p -q debian@158.160.142.12\\\" -o StrictHostKeyChecking=no'"
            }
          },
          "sensitive_attributes": [],
          "dependencies": [
            "data.template_file.inventory",
            "yandex_compute_instance.vm-bastion",
            "yandex_compute_instance.zabbix",
            "yandex_vpc_gateway.nat_gateway",
            "yandex_vpc_network.sys-vpc-network",
            "yandex_vpc_route_table.rt",
            "yandex_vpc_security_group.bastion",
            "yandex_vpc_security_group.zabbix-group",
            "yandex_vpc_subnet.lab-subnet-d"
          ]
        }
      ]
    },
    {
      "mode": "managed",
      "type": "yandex_alb_backend_group",
      "name": "backend_group",
      "provider": "provider[\"registry.terraform.io/yandex-cloud/yandex\"]",
      "instances": [
        {
          "schema_version": 0,
          "attributes": {
            "created_at": "2024-05-20T16:25:01Z",
            "description": "",
            "folder_id": "b1gg1md6v9gjoiu7n44k",
            "grpc_backend": [],
            "http_backend": [
              {
                "healthcheck": [
                  {
                    "grpc_healthcheck": [],
                    "healthcheck_port": 0,
                    "healthy_threshold": 0,
                    "http_healthcheck": [
                      {
                        "host": "",
                        "http2": false,
                        "path": "/"
                      }
                    ],
                    "interval": "3s",
                    "interval_jitter_percent": 0,
                    "stream_healthcheck": [],
                    "timeout": "1s",
                    "unhealthy_threshold": 0
                  }
                ],
                "http2": false,
                "load_balancing_config": [],
                "name": "http-backend",
                "port": 80,
                "storage_bucket": "",
                "target_group_ids": [
                  "ds76kkja202478tf11sd"
                ],
                "tls": [],
                "weight": 1
              }
            ],
            "id": "ds73hi2otnhh4s60vi3g",
            "labels": {},
            "name": "backend-group",
            "session_affinity": [],
            "stream_backend": [],
            "timeouts": null
          },
          "sensitive_attributes": [],
          "private": "eyJlMmJmYjczMC1lY2FhLTExZTYtOGY4OC0zNDM2M2JjN2M0YzAiOnsiY3JlYXRlIjozMDAwMDAwMDAwMDAsImRlbGV0ZSI6MzAwMDAwMDAwMDAwLCJ1cGRhdGUiOjMwMDAwMDAwMDAwMH19",
          "dependencies": [
            "yandex_alb_target_group.vm-nginx-servers",
            "yandex_compute_instance.web-server-1",
            "yandex_compute_instance.web-server-2",
            "yandex_vpc_gateway.nat_gateway",
            "yandex_vpc_network.sys-vpc-network",
            "yandex_vpc_route_table.rt",
            "yandex_vpc_security_group.nginx-group",
            "yandex_vpc_subnet.lab-subnet-a",
            "yandex_vpc_subnet.lab-subnet-b"
          ]
        }
      ]
    },
    {
      "mode": "managed",
      "type": "yandex_alb_http_router",
      "name": "http-router",
      "provider": "provider[\"registry.terraform.io/yandex-cloud/yandex\"]",
      "instances": [
        {
          "schema_version": 0,
          "attributes": {
            "created_at": "2024-05-20T16:24:08Z",
            "description": "",
            "folder_id": "b1gg1md6v9gjoiu7n44k",
            "id": "ds7h1a78ue93o6viden9",
            "labels": {},
            "name": "my-http-router",
            "route_options": [],
            "timeouts": null
          },
          "sensitive_attributes": [],
          "private": "eyJlMmJmYjczMC1lY2FhLTExZTYtOGY4OC0zNDM2M2JjN2M0YzAiOnsiY3JlYXRlIjozMDAwMDAwMDAwMDAsImRlbGV0ZSI6MzAwMDAwMDAwMDAwLCJ1cGRhdGUiOjMwMDAwMDAwMDAwMH19"
        }
      ]
    },
    {
      "mode": "managed",
      "type": "yandex_alb_load_balancer",
      "name": "web_lb",
      "provider": "provider[\"registry.terraform.io/yandex-cloud/yandex\"]",
      "instances": [
        {
          "schema_version": 0,
          "attributes": {
            "allocation_policy": [
              {
                "location": [
                  {
                    "disable_traffic": false,
                    "subnet_id": "e2ln8a0hblkliupfovni",
                    "zone_id": "ru-central1-b"
                  },
                  {
                    "disable_traffic": false,
                    "subnet_id": "e9b12se1qo0oi2eeeg19",
                    "zone_id": "ru-central1-a"
                  }
                ]
              }
            ],
            "created_at": "2024-05-20T16:24:14Z",
            "description": "",
            "folder_id": "b1gg1md6v9gjoiu7n44k",
            "id": "ds7i7vptog3j9a8gjrcv",
            "labels": {},
            "listener": [
              {
                "endpoint": [
                  {
                    "address": [
                      {
                        "external_ipv4_address": [
                          {
                            "address": "158.160.172.43"
                          }
                        ],
                        "external_ipv6_address": [],
                        "internal_ipv4_address": []
                      }
                    ],
                    "ports": [
                      80
                    ]
                  }
                ],
                "http": [
                  {
                    "handler": [
                      {
                        "allow_http10": false,
                        "http2_options": [],
                        "http_router_id": "ds7h1a78ue93o6viden9",
                        "rewrite_request_id": false
                      }
                    ],
                    "redirects": []
                  }
                ],
                "name": "my-listener",
                "stream": [],
                "tls": []
              }
            ],
            "log_group_id": "",
            "log_options": [],
            "name": "web-lb",
            "network_id": "enpuv8c4uve58upler62",
            "region_id": "",
            "security_group_ids": [
              "enp3otki7ts906jvp6b2"
            ],
            "status": "active",
            "timeouts": null
          },
          "sensitive_attributes": [],
          "private": "eyJlMmJmYjczMC1lY2FhLTExZTYtOGY4OC0zNDM2M2JjN2M0YzAiOnsiY3JlYXRlIjo2MDAwMDAwMDAwMDAsImRlbGV0ZSI6NjAwMDAwMDAwMDAwLCJ1cGRhdGUiOjYwMDAwMDAwMDAwMH19",
          "dependencies": [
            "yandex_alb_http_router.http-router",
            "yandex_vpc_gateway.nat_gateway",
            "yandex_vpc_network.sys-vpc-network",
            "yandex_vpc_route_table.rt",
            "yandex_vpc_security_group.alb-group",
            "yandex_vpc_subnet.lab-subnet-a",
            "yandex_vpc_subnet.lab-subnet-b"
          ]
        }
      ]
    },
    {
      "mode": "managed",
      "type": "yandex_alb_target_group",
      "name": "vm-nginx-servers",
      "provider": "provider[\"registry.terraform.io/yandex-cloud/yandex\"]",
      "instances": [
        {
          "schema_version": 0,
          "attributes": {
            "created_at": "2024-05-20T16:25:00Z",
            "description": "",
            "folder_id": "b1gg1md6v9gjoiu7n44k",
            "id": "ds76kkja202478tf11sd",
            "labels": {},
            "name": "vm-nginx-servers",
            "target": [
              {
                "ip_address": "10.0.1.15",
                "private_ipv4_address": false,
                "subnet_id": "e9b12se1qo0oi2eeeg19"
              },
              {
                "ip_address": "10.0.2.6",
                "private_ipv4_address": false,
                "subnet_id": "e2ln8a0hblkliupfovni"
              }
            ],
            "timeouts": null
          },
          "sensitive_attributes": [],
          "private": "eyJlMmJmYjczMC1lY2FhLTExZTYtOGY4OC0zNDM2M2JjN2M0YzAiOnsiY3JlYXRlIjozMDAwMDAwMDAwMDAsImRlbGV0ZSI6MzAwMDAwMDAwMDAwLCJ1cGRhdGUiOjMwMDAwMDAwMDAwMH19",
          "dependencies": [
            "yandex_compute_instance.web-server-1",
            "yandex_compute_instance.web-server-2",
            "yandex_vpc_gateway.nat_gateway",
            "yandex_vpc_network.sys-vpc-network",
            "yandex_vpc_route_table.rt",
            "yandex_vpc_security_group.nginx-group",
            "yandex_vpc_subnet.lab-subnet-a",
            "yandex_vpc_subnet.lab-subnet-b"
          ]
        }
      ]
    },
    {
      "mode": "managed",
      "type": "yandex_alb_virtual_host",
      "name": "my-virtual-host",
      "provider": "provider[\"registry.terraform.io/yandex-cloud/yandex\"]",
      "instances": [
        {
          "schema_version": 0,
          "attributes": {
            "authority": [],
            "http_router_id": "ds7h1a78ue93o6viden9",
            "id": "ds7h1a78ue93o6viden9/vhost-1",
            "modify_request_headers": [],
            "modify_response_headers": [],
            "name": "vhost-1",
            "route": [
              {
                "grpc_route": [],
                "http_route": [
                  {
                    "direct_response_action": [],
                    "http_match": [
                      {
                        "http_method": [],
                        "path": [
                          {
                            "exact": "",
                            "prefix": "/",
                            "regex": ""
                          }
                        ]
                      }
                    ],
                    "http_route_action": [
                      {
                        "auto_host_rewrite": false,
                        "backend_group_id": "ds73hi2otnhh4s60vi3g",
                        "host_rewrite": "",
                        "idle_timeout": "",
                        "prefix_rewrite": "",
                        "timeout": "3s",
                        "upgrade_types": []
                      }
                    ],
                    "redirect_action": []
                  }
                ],
                "name": "vroute",
                "route_options": []
              }
            ],
            "route_options": [],
            "timeouts": null
          },
          "sensitive_attributes": [],
          "private": "eyJlMmJmYjczMC1lY2FhLTExZTYtOGY4OC0zNDM2M2JjN2M0YzAiOnsiY3JlYXRlIjozMDAwMDAwMDAwMDAsImRlbGV0ZSI6MzAwMDAwMDAwMDAwLCJ1cGRhdGUiOjMwMDAwMDAwMDAwMH19",
          "dependencies": [
            "yandex_alb_backend_group.backend_group",
            "yandex_alb_http_router.http-router",
            "yandex_alb_target_group.vm-nginx-servers",
            "yandex_compute_instance.web-server-1",
            "yandex_compute_instance.web-server-2",
            "yandex_vpc_gateway.nat_gateway",
            "yandex_vpc_network.sys-vpc-network",
            "yandex_vpc_route_table.rt",
            "yandex_vpc_security_group.nginx-group",
            "yandex_vpc_subnet.lab-subnet-a",
            "yandex_vpc_subnet.lab-subnet-b"
          ]
        }
      ]
    },
    {
      "mode": "managed",
      "type": "yandex_compute_instance",
      "name": "elastic",
      "provider": "provider[\"registry.terraform.io/yandex-cloud/yandex\"]",
      "instances": [
        {
          "schema_version": 1,
          "attributes": {
            "allow_recreate": null,
            "allow_stopping_for_update": null,
            "boot_disk": [
              {
                "auto_delete": true,
                "device_name": "fv4uv8svlcqtoq5kvhag",
                "disk_id": "fv4uv8svlcqtoq5kvhag",
                "initialize_params": [
                  {
                    "block_size": 4096,
                    "description": "",
                    "image_id": "fd8pvhn48v88lqteokn6",
                    "name": "",
                    "size": 10,
                    "snapshot_id": "",
                    "type": "network-hdd"
                  }
                ],
                "mode": "READ_WRITE"
              }
            ],
            "created_at": "2024-05-20T18:21:26Z",
            "description": "",
            "filesystem": [],
            "folder_id": "b1gg1md6v9gjoiu7n44k",
            "fqdn": "elastic.ru-central1.internal",
            "gpu_cluster_id": "",
            "hostname": "elastic",
            "id": "fv4kccv2834tjv2p3m9f",
            "labels": null,
            "local_disk": [],
            "maintenance_grace_period": "",
            "maintenance_policy": null,
            "metadata": {
              "ssh-keys": "bondarenko:ssh-rsa AAAAB3NzaC1yc2EAAAADAQABAAABgQCmqbk3KmmE1Vr4TB69V13sPxxjY1jDNSckDvFG4mGoMHZqlLYP6LkMsIZgzyyaKHkF/A5WTbvgIn/JfDX5sLGna886hXvbwSPUdFNZ1z1eeQqRyZlBU0Nv9dJSmX4QXFX2juV0d6p2Oq0xGPtgoe1x0L/xmvWAnwTnSBX67lbP/ZBOrMweD9w6qzZpXNQAEboJsK21uI5fvO7apieJ3McVaty8KYZkDxbt+3rcwo+4BiSOC+0sDPs/RAG4KY04IwbHsGdwWfMgVx3X9FywCHdWWd0FXvXeXm7I3Elh9YyItFi8u/LjDKpw5OQXKwzuoFD0vN6J9d1JlLBnUzFDlWNpokBq+nHKbOTax3Juqy+JqXYkem5WlQXsQyZQMHPCkdx2sJhFtPsd9dUygge7Wibb7qgAIbgsq8AiGSeyaFhx02oceZHUkXIULPiFKtcnvtlIcy9JbUTmRlptGUeUhHDCXUmzMzEdDn854xuJ/yMssXcowZrX6xdDab08WagdUtU= bondarenko@DebiMachine\n",
              "user-data": "users:\r\n  - name: bondarenko\r\n    groups: sudo\r\n    shell: /bin/bash\r\n    sudo: ['ALL=(ALL) NOPASSWD:ALL']\r\n"
            },
            "metadata_options": [
              {
                "aws_v1_http_endpoint": 1,
                "aws_v1_http_token": 2,
                "gce_http_endpoint": 1,
                "gce_http_token": 1
              }
            ],
            "name": "elastic",
            "network_acceleration_type": "standard",
            "network_interface": [
              {
                "dns_record": [],
                "index": 0,
                "ip_address": "10.0.3.26",
                "ipv4": true,
                "ipv6": false,
                "ipv6_address": "",
                "ipv6_dns_record": [],
                "mac_address": "d0:0d:14:63:3e:24",
                "nat": false,
                "nat_dns_record": [],
                "nat_ip_address": "",
                "nat_ip_version": "",
                "security_group_ids": [
                  "enp2f5989m9l8nav8h8v"
                ],
                "subnet_id": "fl8i0gpf1i5mk54j9tnq"
              }
            ],
            "placement_policy": [
              {
                "host_affinity_rules": [],
                "placement_group_id": "",
                "placement_group_partition": 0
              }
            ],
            "platform_id": "standard-v3",
            "resources": [
              {
                "core_fraction": 20,
                "cores": 2,
                "gpus": 0,
                "memory": 2
              }
            ],
            "scheduling_policy": [
              {
                "preemptible": false
              }
            ],
            "secondary_disk": [],
            "service_account_id": "",
            "status": "running",
            "timeouts": null,
            "zone": "ru-central1-d"
          },
          "sensitive_attributes": [],
          "private": "eyJlMmJmYjczMC1lY2FhLTExZTYtOGY4OC0zNDM2M2JjN2M0YzAiOnsiY3JlYXRlIjozMDAwMDAwMDAwMDAsImRlbGV0ZSI6MzAwMDAwMDAwMDAwLCJ1cGRhdGUiOjMwMDAwMDAwMDAwMH0sInNjaGVtYV92ZXJzaW9uIjoiMSJ9",
          "dependencies": [
            "yandex_vpc_gateway.nat_gateway",
            "yandex_vpc_network.sys-vpc-network",
            "yandex_vpc_route_table.rt",
            "yandex_vpc_security_group.elastic-group",
            "yandex_vpc_subnet.lab-subnet-d"
          ]
        }
      ]
    },
    {
      "mode": "managed",
      "type": "yandex_compute_instance",
      "name": "kibana",
      "provider": "provider[\"registry.terraform.io/yandex-cloud/yandex\"]",
      "instances": [
        {
          "schema_version": 1,
          "attributes": {
            "allow_recreate": null,
            "allow_stopping_for_update": null,
            "boot_disk": [
              {
                "auto_delete": true,
                "device_name": "fv4l807qk45rct6echfu",
                "disk_id": "fv4l807qk45rct6echfu",
                "initialize_params": [
                  {
                    "block_size": 4096,
                    "description": "",
                    "image_id": "fd8pvhn48v88lqteokn6",
                    "name": "",
                    "size": 10,
                    "snapshot_id": "",
                    "type": "network-hdd"
                  }
                ],
                "mode": "READ_WRITE"
              }
            ],
            "created_at": "2024-05-20T18:21:26Z",
            "description": "",
            "filesystem": [],
            "folder_id": "b1gg1md6v9gjoiu7n44k",
            "fqdn": "kibana.ru-central1.internal",
            "gpu_cluster_id": "",
            "hostname": "kibana",
            "id": "fv4r5nn8srbgdufsqqia",
            "labels": null,
            "local_disk": [],
            "maintenance_grace_period": "",
            "maintenance_policy": null,
            "metadata": {
              "ssh-keys": "bondarenko:ssh-rsa AAAAB3NzaC1yc2EAAAADAQABAAABgQCmqbk3KmmE1Vr4TB69V13sPxxjY1jDNSckDvFG4mGoMHZqlLYP6LkMsIZgzyyaKHkF/A5WTbvgIn/JfDX5sLGna886hXvbwSPUdFNZ1z1eeQqRyZlBU0Nv9dJSmX4QXFX2juV0d6p2Oq0xGPtgoe1x0L/xmvWAnwTnSBX67lbP/ZBOrMweD9w6qzZpXNQAEboJsK21uI5fvO7apieJ3McVaty8KYZkDxbt+3rcwo+4BiSOC+0sDPs/RAG4KY04IwbHsGdwWfMgVx3X9FywCHdWWd0FXvXeXm7I3Elh9YyItFi8u/LjDKpw5OQXKwzuoFD0vN6J9d1JlLBnUzFDlWNpokBq+nHKbOTax3Juqy+JqXYkem5WlQXsQyZQMHPCkdx2sJhFtPsd9dUygge7Wibb7qgAIbgsq8AiGSeyaFhx02oceZHUkXIULPiFKtcnvtlIcy9JbUTmRlptGUeUhHDCXUmzMzEdDn854xuJ/yMssXcowZrX6xdDab08WagdUtU= bondarenko@DebiMachine\n",
              "user-data": "users:\r\n  - name: bondarenko\r\n    groups: sudo\r\n    shell: /bin/bash\r\n    sudo: ['ALL=(ALL) NOPASSWD:ALL']\r\n"
            },
            "metadata_options": [
              {
                "aws_v1_http_endpoint": 1,
                "aws_v1_http_token": 2,
                "gce_http_endpoint": 1,
                "gce_http_token": 1
              }
            ],
            "name": "kibana",
            "network_acceleration_type": "standard",
            "network_interface": [
              {
                "dns_record": [],
                "index": 0,
                "ip_address": "10.0.3.4",
                "ipv4": true,
                "ipv6": false,
                "ipv6_address": "",
                "ipv6_dns_record": [],
                "mac_address": "d0:0d:1b:2d:ee:8e",
                "nat": true,
                "nat_dns_record": [],
                "nat_ip_address": "158.160.168.119",
                "nat_ip_version": "IPV4",
                "security_group_ids": [
                  "enpl9ih8vd1kbcetn6ks"
                ],
                "subnet_id": "fl8i0gpf1i5mk54j9tnq"
              }
            ],
            "placement_policy": [
              {
                "host_affinity_rules": [],
                "placement_group_id": "",
                "placement_group_partition": 0
              }
            ],
            "platform_id": "standard-v3",
            "resources": [
              {
                "core_fraction": 20,
                "cores": 2,
                "gpus": 0,
                "memory": 2
              }
            ],
            "scheduling_policy": [
              {
                "preemptible": false
              }
            ],
            "secondary_disk": [],
            "service_account_id": "",
            "status": "running",
            "timeouts": null,
            "zone": "ru-central1-d"
          },
          "sensitive_attributes": [],
          "private": "eyJlMmJmYjczMC1lY2FhLTExZTYtOGY4OC0zNDM2M2JjN2M0YzAiOnsiY3JlYXRlIjozMDAwMDAwMDAwMDAsImRlbGV0ZSI6MzAwMDAwMDAwMDAwLCJ1cGRhdGUiOjMwMDAwMDAwMDAwMH0sInNjaGVtYV92ZXJzaW9uIjoiMSJ9",
          "dependencies": [
            "yandex_vpc_gateway.nat_gateway",
            "yandex_vpc_network.sys-vpc-network",
            "yandex_vpc_route_table.rt",
            "yandex_vpc_security_group.kibana-group",
            "yandex_vpc_subnet.lab-subnet-d"
          ]
        }
      ]
    },
    {
      "mode": "managed",
      "type": "yandex_compute_instance",
      "name": "vm-bastion",
      "provider": "provider[\"registry.terraform.io/yandex-cloud/yandex\"]",
      "instances": [
        {
          "schema_version": 1,
          "attributes": {
            "allow_recreate": null,
            "allow_stopping_for_update": null,
            "boot_disk": [
              {
                "auto_delete": true,
                "device_name": "fv4ihr92cifso8cqs1di",
                "disk_id": "fv4ihr92cifso8cqs1di",
                "initialize_params": [
                  {
                    "block_size": 4096,
                    "description": "",
                    "image_id": "fd8pvhn48v88lqteokn6",
                    "name": "",
                    "size": 3,
                    "snapshot_id": "",
                    "type": "network-hdd"
                  }
                ],
                "mode": "READ_WRITE"
              }
            ],
            "created_at": "2024-05-20T18:21:26Z",
            "description": "",
            "filesystem": [],
            "folder_id": "b1gg1md6v9gjoiu7n44k",
            "fqdn": "bastion.ru-central1.internal",
            "gpu_cluster_id": "",
            "hostname": "bastion",
            "id": "fv4iinrersm0djdj0se9",
            "labels": null,
            "local_disk": [],
            "maintenance_grace_period": "",
            "maintenance_policy": null,
            "metadata": {
              "ssh-keys": "bondarenko:ssh-rsa AAAAB3NzaC1yc2EAAAADAQABAAABgQCmqbk3KmmE1Vr4TB69V13sPxxjY1jDNSckDvFG4mGoMHZqlLYP6LkMsIZgzyyaKHkF/A5WTbvgIn/JfDX5sLGna886hXvbwSPUdFNZ1z1eeQqRyZlBU0Nv9dJSmX4QXFX2juV0d6p2Oq0xGPtgoe1x0L/xmvWAnwTnSBX67lbP/ZBOrMweD9w6qzZpXNQAEboJsK21uI5fvO7apieJ3McVaty8KYZkDxbt+3rcwo+4BiSOC+0sDPs/RAG4KY04IwbHsGdwWfMgVx3X9FywCHdWWd0FXvXeXm7I3Elh9YyItFi8u/LjDKpw5OQXKwzuoFD0vN6J9d1JlLBnUzFDlWNpokBq+nHKbOTax3Juqy+JqXYkem5WlQXsQyZQMHPCkdx2sJhFtPsd9dUygge7Wibb7qgAIbgsq8AiGSeyaFhx02oceZHUkXIULPiFKtcnvtlIcy9JbUTmRlptGUeUhHDCXUmzMzEdDn854xuJ/yMssXcowZrX6xdDab08WagdUtU= bondarenko@DebiMachine\n",
              "user-data": "users:\r\n  - name: bondarenko\r\n    groups: sudo\r\n    shell: /bin/bash\r\n    sudo: ['ALL=(ALL) NOPASSWD:ALL']\r\n"
            },
            "metadata_options": [
              {
                "aws_v1_http_endpoint": 1,
                "aws_v1_http_token": 2,
                "gce_http_endpoint": 1,
                "gce_http_token": 1
              }
            ],
            "name": "vm-bastion",
            "network_acceleration_type": "standard",
            "network_interface": [
              {
                "dns_record": [],
                "index": 0,
                "ip_address": "10.0.3.33",
                "ipv4": true,
                "ipv6": false,
                "ipv6_address": "",
                "ipv6_dns_record": [],
                "mac_address": "d0:0d:12:95:f6:ed",
                "nat": true,
                "nat_dns_record": [],
                "nat_ip_address": "158.160.142.12",
                "nat_ip_version": "IPV4",
                "security_group_ids": [
                  "enph7h703r2lnmbsohgf"
                ],
                "subnet_id": "fl8i0gpf1i5mk54j9tnq"
              }
            ],
            "placement_policy": [
              {
                "host_affinity_rules": [],
                "placement_group_id": "",
                "placement_group_partition": 0
              }
            ],
            "platform_id": "standard-v3",
            "resources": [
              {
                "core_fraction": 20,
                "cores": 2,
                "gpus": 0,
                "memory": 2
              }
            ],
            "scheduling_policy": [
              {
                "preemptible": false
              }
            ],
            "secondary_disk": [],
            "service_account_id": "",
            "status": "running",
            "timeouts": null,
            "zone": "ru-central1-d"
          },
          "sensitive_attributes": [],
          "private": "eyJlMmJmYjczMC1lY2FhLTExZTYtOGY4OC0zNDM2M2JjN2M0YzAiOnsiY3JlYXRlIjozMDAwMDAwMDAwMDAsImRlbGV0ZSI6MzAwMDAwMDAwMDAwLCJ1cGRhdGUiOjMwMDAwMDAwMDAwMH0sInNjaGVtYV92ZXJzaW9uIjoiMSJ9",
          "dependencies": [
            "yandex_vpc_gateway.nat_gateway",
            "yandex_vpc_network.sys-vpc-network",
            "yandex_vpc_route_table.rt",
            "yandex_vpc_security_group.bastion",
            "yandex_vpc_subnet.lab-subnet-d"
          ]
        }
      ]
    },
    {
      "mode": "managed",
      "type": "yandex_compute_instance",
      "name": "web-server-1",
      "provider": "provider[\"registry.terraform.io/yandex-cloud/yandex\"]",
      "instances": [
        {
          "schema_version": 1,
          "attributes": {
            "allow_recreate": null,
            "allow_stopping_for_update": null,
            "boot_disk": [
              {
                "auto_delete": true,
                "device_name": "fhm8ka18fn11fv1d47vh",
                "disk_id": "fhm8ka18fn11fv1d47vh",
                "initialize_params": [
                  {
                    "block_size": 4096,
                    "description": "",
                    "image_id": "fd8pvhn48v88lqteokn6",
                    "name": "",
                    "size": 3,
                    "snapshot_id": "",
                    "type": "network-hdd"
                  }
                ],
                "mode": "READ_WRITE"
              }
            ],
            "created_at": "2024-05-20T18:21:26Z",
            "description": "",
            "filesystem": [],
            "folder_id": "b1gg1md6v9gjoiu7n44k",
            "fqdn": "web-server-1.ru-central1.internal",
            "gpu_cluster_id": "",
            "hostname": "web-server-1",
            "id": "fhmbd1t2rsrlj0cqm3ji",
            "labels": null,
            "local_disk": [],
            "maintenance_grace_period": "",
            "maintenance_policy": null,
            "metadata": {
              "ssh-keys": "bondarenko:ssh-rsa AAAAB3NzaC1yc2EAAAADAQABAAABgQCmqbk3KmmE1Vr4TB69V13sPxxjY1jDNSckDvFG4mGoMHZqlLYP6LkMsIZgzyyaKHkF/A5WTbvgIn/JfDX5sLGna886hXvbwSPUdFNZ1z1eeQqRyZlBU0Nv9dJSmX4QXFX2juV0d6p2Oq0xGPtgoe1x0L/xmvWAnwTnSBX67lbP/ZBOrMweD9w6qzZpXNQAEboJsK21uI5fvO7apieJ3McVaty8KYZkDxbt+3rcwo+4BiSOC+0sDPs/RAG4KY04IwbHsGdwWfMgVx3X9FywCHdWWd0FXvXeXm7I3Elh9YyItFi8u/LjDKpw5OQXKwzuoFD0vN6J9d1JlLBnUzFDlWNpokBq+nHKbOTax3Juqy+JqXYkem5WlQXsQyZQMHPCkdx2sJhFtPsd9dUygge7Wibb7qgAIbgsq8AiGSeyaFhx02oceZHUkXIULPiFKtcnvtlIcy9JbUTmRlptGUeUhHDCXUmzMzEdDn854xuJ/yMssXcowZrX6xdDab08WagdUtU= bondarenko@DebiMachine\n",
              "user-data": "users:\r\n  - name: bondarenko\r\n    groups: sudo\r\n    shell: /bin/bash\r\n    sudo: ['ALL=(ALL) NOPASSWD:ALL']\r\n"
            },
            "metadata_options": [
              {
                "aws_v1_http_endpoint": 1,
                "aws_v1_http_token": 2,
                "gce_http_endpoint": 1,
                "gce_http_token": 1
              }
            ],
            "name": "web-server-1",
            "network_acceleration_type": "standard",
            "network_interface": [
              {
                "dns_record": [],
                "index": 0,
                "ip_address": "10.0.1.15",
                "ipv4": true,
                "ipv6": false,
                "ipv6_address": "",
                "ipv6_dns_record": [],
                "mac_address": "d0:0d:b6:87:a2:df",
                "nat": false,
                "nat_dns_record": [],
                "nat_ip_address": "",
                "nat_ip_version": "",
                "security_group_ids": [
                  "enpbd8i6e97bg8vpggkt"
                ],
                "subnet_id": "e9b12se1qo0oi2eeeg19"
              }
            ],
            "placement_policy": [
              {
                "host_affinity_rules": [],
                "placement_group_id": "",
                "placement_group_partition": 0
              }
            ],
            "platform_id": "standard-v3",
            "resources": [
              {
                "core_fraction": 20,
                "cores": 2,
                "gpus": 0,
                "memory": 2
              }
            ],
            "scheduling_policy": [
              {
                "preemptible": false
              }
            ],
            "secondary_disk": [],
            "service_account_id": "",
            "status": "running",
            "timeouts": null,
            "zone": "ru-central1-a"
          },
          "sensitive_attributes": [],
          "private": "eyJlMmJmYjczMC1lY2FhLTExZTYtOGY4OC0zNDM2M2JjN2M0YzAiOnsiY3JlYXRlIjozMDAwMDAwMDAwMDAsImRlbGV0ZSI6MzAwMDAwMDAwMDAwLCJ1cGRhdGUiOjMwMDAwMDAwMDAwMH0sInNjaGVtYV92ZXJzaW9uIjoiMSJ9",
          "dependencies": [
            "yandex_vpc_gateway.nat_gateway",
            "yandex_vpc_network.sys-vpc-network",
            "yandex_vpc_route_table.rt",
            "yandex_vpc_security_group.nginx-group",
            "yandex_vpc_subnet.lab-subnet-a"
          ]
        }
      ]
    },
    {
      "mode": "managed",
      "type": "yandex_compute_instance",
      "name": "web-server-2",
      "provider": "provider[\"registry.terraform.io/yandex-cloud/yandex\"]",
      "instances": [
        {
          "schema_version": 1,
          "attributes": {
            "allow_recreate": null,
            "allow_stopping_for_update": null,
            "boot_disk": [
              {
                "auto_delete": true,
                "device_name": "epd4e6932pno8ggp2rpk",
                "disk_id": "epd4e6932pno8ggp2rpk",
                "initialize_params": [
                  {
                    "block_size": 4096,
                    "description": "",
                    "image_id": "fd8pvhn48v88lqteokn6",
                    "name": "",
                    "size": 3,
                    "snapshot_id": "",
                    "type": "network-hdd"
                  }
                ],
                "mode": "READ_WRITE"
              }
            ],
            "created_at": "2024-05-20T18:21:26Z",
            "description": "",
            "filesystem": [],
            "folder_id": "b1gg1md6v9gjoiu7n44k",
            "fqdn": "web-server-2.ru-central1.internal",
            "gpu_cluster_id": "",
            "hostname": "web-server-2",
            "id": "epdsdjtb2moktd03u7jc",
            "labels": null,
            "local_disk": [],
            "maintenance_grace_period": "",
            "maintenance_policy": null,
            "metadata": {
              "ssh-keys": "bondarenko:ssh-rsa AAAAB3NzaC1yc2EAAAADAQABAAABgQCmqbk3KmmE1Vr4TB69V13sPxxjY1jDNSckDvFG4mGoMHZqlLYP6LkMsIZgzyyaKHkF/A5WTbvgIn/JfDX5sLGna886hXvbwSPUdFNZ1z1eeQqRyZlBU0Nv9dJSmX4QXFX2juV0d6p2Oq0xGPtgoe1x0L/xmvWAnwTnSBX67lbP/ZBOrMweD9w6qzZpXNQAEboJsK21uI5fvO7apieJ3McVaty8KYZkDxbt+3rcwo+4BiSOC+0sDPs/RAG4KY04IwbHsGdwWfMgVx3X9FywCHdWWd0FXvXeXm7I3Elh9YyItFi8u/LjDKpw5OQXKwzuoFD0vN6J9d1JlLBnUzFDlWNpokBq+nHKbOTax3Juqy+JqXYkem5WlQXsQyZQMHPCkdx2sJhFtPsd9dUygge7Wibb7qgAIbgsq8AiGSeyaFhx02oceZHUkXIULPiFKtcnvtlIcy9JbUTmRlptGUeUhHDCXUmzMzEdDn854xuJ/yMssXcowZrX6xdDab08WagdUtU= bondarenko@DebiMachine\n",
              "user-data": "users:\r\n  - name: bondarenko\r\n    groups: sudo\r\n    shell: /bin/bash\r\n    sudo: ['ALL=(ALL) NOPASSWD:ALL']\r\n"
            },
            "metadata_options": [
              {
                "aws_v1_http_endpoint": 1,
                "aws_v1_http_token": 2,
                "gce_http_endpoint": 1,
                "gce_http_token": 1
              }
            ],
            "name": "web-server-2",
            "network_acceleration_type": "standard",
            "network_interface": [
              {
                "dns_record": [],
                "index": 0,
                "ip_address": "10.0.2.6",
                "ipv4": true,
                "ipv6": false,
                "ipv6_address": "",
                "ipv6_dns_record": [],
                "mac_address": "d0:0d:1c:6c:fa:b1",
                "nat": false,
                "nat_dns_record": [],
                "nat_ip_address": "",
                "nat_ip_version": "",
                "security_group_ids": [
                  "enpbd8i6e97bg8vpggkt"
                ],
                "subnet_id": "e2ln8a0hblkliupfovni"
              }
            ],
            "placement_policy": [
              {
                "host_affinity_rules": [],
                "placement_group_id": "",
                "placement_group_partition": 0
              }
            ],
            "platform_id": "standard-v3",
            "resources": [
              {
                "core_fraction": 20,
                "cores": 2,
                "gpus": 0,
                "memory": 2
              }
            ],
            "scheduling_policy": [
              {
                "preemptible": false
              }
            ],
            "secondary_disk": [],
            "service_account_id": "",
            "status": "running",
            "timeouts": null,
            "zone": "ru-central1-b"
          },
          "sensitive_attributes": [],
          "private": "eyJlMmJmYjczMC1lY2FhLTExZTYtOGY4OC0zNDM2M2JjN2M0YzAiOnsiY3JlYXRlIjozMDAwMDAwMDAwMDAsImRlbGV0ZSI6MzAwMDAwMDAwMDAwLCJ1cGRhdGUiOjMwMDAwMDAwMDAwMH0sInNjaGVtYV92ZXJzaW9uIjoiMSJ9",
          "dependencies": [
            "yandex_vpc_gateway.nat_gateway",
            "yandex_vpc_network.sys-vpc-network",
            "yandex_vpc_route_table.rt",
            "yandex_vpc_security_group.nginx-group",
            "yandex_vpc_subnet.lab-subnet-b"
          ]
        }
      ]
    },
    {
      "mode": "managed",
      "type": "yandex_compute_instance",
      "name": "zabbix",
      "provider": "provider[\"registry.terraform.io/yandex-cloud/yandex\"]",
      "instances": [
        {
          "schema_version": 1,
          "attributes": {
            "allow_recreate": null,
            "allow_stopping_for_update": null,
            "boot_disk": [
              {
                "auto_delete": true,
                "device_name": "fv4k49al58b18op51u1u",
                "disk_id": "fv4k49al58b18op51u1u",
                "initialize_params": [
                  {
                    "block_size": 4096,
                    "description": "",
                    "image_id": "fd8pvhn48v88lqteokn6",
                    "name": "",
                    "size": 10,
                    "snapshot_id": "",
                    "type": "network-hdd"
                  }
                ],
                "mode": "READ_WRITE"
              }
            ],
            "created_at": "2024-05-20T18:21:26Z",
            "description": "",
            "filesystem": [],
            "folder_id": "b1gg1md6v9gjoiu7n44k",
            "fqdn": "zabbix.ru-central1.internal",
            "gpu_cluster_id": "",
            "hostname": "zabbix",
            "id": "fv4c53s8tldh8nes2ku9",
            "labels": null,
            "local_disk": [],
            "maintenance_grace_period": "",
            "maintenance_policy": null,
            "metadata": {
              "ssh-keys": "bondarenko:ssh-rsa AAAAB3NzaC1yc2EAAAADAQABAAABgQCmqbk3KmmE1Vr4TB69V13sPxxjY1jDNSckDvFG4mGoMHZqlLYP6LkMsIZgzyyaKHkF/A5WTbvgIn/JfDX5sLGna886hXvbwSPUdFNZ1z1eeQqRyZlBU0Nv9dJSmX4QXFX2juV0d6p2Oq0xGPtgoe1x0L/xmvWAnwTnSBX67lbP/ZBOrMweD9w6qzZpXNQAEboJsK21uI5fvO7apieJ3McVaty8KYZkDxbt+3rcwo+4BiSOC+0sDPs/RAG4KY04IwbHsGdwWfMgVx3X9FywCHdWWd0FXvXeXm7I3Elh9YyItFi8u/LjDKpw5OQXKwzuoFD0vN6J9d1JlLBnUzFDlWNpokBq+nHKbOTax3Juqy+JqXYkem5WlQXsQyZQMHPCkdx2sJhFtPsd9dUygge7Wibb7qgAIbgsq8AiGSeyaFhx02oceZHUkXIULPiFKtcnvtlIcy9JbUTmRlptGUeUhHDCXUmzMzEdDn854xuJ/yMssXcowZrX6xdDab08WagdUtU= bondarenko@DebiMachine\n",
              "user-data": "users:\r\n  - name: bondarenko\r\n    groups: sudo\r\n    shell: /bin/bash\r\n    sudo: ['ALL=(ALL) NOPASSWD:ALL']\r\n"
            },
            "metadata_options": [
              {
                "aws_v1_http_endpoint": 1,
                "aws_v1_http_token": 2,
                "gce_http_endpoint": 1,
                "gce_http_token": 1
              }
            ],
            "name": "zabbix",
            "network_acceleration_type": "standard",
            "network_interface": [
              {
                "dns_record": [],
                "index": 0,
                "ip_address": "10.0.3.22",
                "ipv4": true,
                "ipv6": false,
                "ipv6_address": "",
                "ipv6_dns_record": [],
                "mac_address": "d0:0d:c2:8f:88:ed",
                "nat": true,
                "nat_dns_record": [],
                "nat_ip_address": "158.160.165.218",
                "nat_ip_version": "IPV4",
                "security_group_ids": [
                  "enpth5dpifvv6o4bcojh"
                ],
                "subnet_id": "fl8i0gpf1i5mk54j9tnq"
              }
            ],
            "placement_policy": [
              {
                "host_affinity_rules": [],
                "placement_group_id": "",
                "placement_group_partition": 0
              }
            ],
            "platform_id": "standard-v3",
            "resources": [
              {
                "core_fraction": 20,
                "cores": 2,
                "gpus": 0,
                "memory": 2
              }
            ],
            "scheduling_policy": [
              {
                "preemptible": false
              }
            ],
            "secondary_disk": [],
            "service_account_id": "",
            "status": "running",
            "timeouts": null,
            "zone": "ru-central1-d"
          },
          "sensitive_attributes": [],
          "private": "eyJlMmJmYjczMC1lY2FhLTExZTYtOGY4OC0zNDM2M2JjN2M0YzAiOnsiY3JlYXRlIjozMDAwMDAwMDAwMDAsImRlbGV0ZSI6MzAwMDAwMDAwMDAwLCJ1cGRhdGUiOjMwMDAwMDAwMDAwMH0sInNjaGVtYV92ZXJzaW9uIjoiMSJ9",
          "dependencies": [
            "yandex_vpc_gateway.nat_gateway",
            "yandex_vpc_network.sys-vpc-network",
            "yandex_vpc_route_table.rt",
            "yandex_vpc_security_group.zabbix-group",
            "yandex_vpc_subnet.lab-subnet-d"
          ]
        }
      ]
    },
    {
      "mode": "managed",
      "type": "yandex_compute_snapshot_schedule",
      "name": "mysnapshot",
      "provider": "provider[\"registry.terraform.io/yandex-cloud/yandex\"]",
      "instances": [
        {
          "schema_version": 0,
          "attributes": {
            "created_at": "2024-05-20T16:25:08Z",
            "description": "",
            "disk_ids": [
              "epd4e6932pno8ggp2rpk",
              "fhm8ka18fn11fv1d47vh",
              "fv4ihr92cifso8cqs1di",
              "fv4k49al58b18op51u1u",
              "fv4l807qk45rct6echfu",
              "fv4uv8svlcqtoq5kvhag"
            ],
            "folder_id": "b1gg1md6v9gjoiu7n44k",
            "id": "fd8r7bf322784ts0qjuo",
            "labels": {},
            "name": "snapshot",
            "retention_period": "",
            "schedule_policy": [
              {
                "expression": "0 1 * * *",
                "start_at": "1970-01-01T00:00:00Z"
              }
            ],
            "snapshot_count": 0,
            "snapshot_spec": [
              {
                "description": "Daily snapshot",
                "labels": {}
              }
            ],
            "status": "active",
            "timeouts": null
          },
          "sensitive_attributes": [],
          "private": "eyJlMmJmYjczMC1lY2FhLTExZTYtOGY4OC0zNDM2M2JjN2M0YzAiOnsiY3JlYXRlIjozMDAwMDAwMDAwMDAsImRlbGV0ZSI6MzAwMDAwMDAwMDAwLCJ1cGRhdGUiOjMwMDAwMDAwMDAwMH19",
          "dependencies": [
            "yandex_compute_instance.elastic",
            "yandex_compute_instance.kibana",
            "yandex_compute_instance.vm-bastion",
            "yandex_compute_instance.web-server-1",
            "yandex_compute_instance.web-server-2",
            "yandex_compute_instance.zabbix",
            "yandex_vpc_gateway.nat_gateway",
            "yandex_vpc_network.sys-vpc-network",
            "yandex_vpc_route_table.rt",
            "yandex_vpc_security_group.bastion",
            "yandex_vpc_security_group.elastic-group",
            "yandex_vpc_security_group.kibana-group",
            "yandex_vpc_security_group.nginx-group",
            "yandex_vpc_security_group.zabbix-group",
            "yandex_vpc_subnet.lab-subnet-a",
            "yandex_vpc_subnet.lab-subnet-b",
            "yandex_vpc_subnet.lab-subnet-d"
          ]
        }
      ]
    },
    {
      "mode": "managed",
      "type": "yandex_vpc_gateway",
      "name": "nat_gateway",
      "provider": "provider[\"registry.terraform.io/yandex-cloud/yandex\"]",
      "instances": [
        {
          "schema_version": 0,
          "attributes": {
            "created_at": "2024-05-20T16:24:08Z",
            "description": "",
            "folder_id": "b1gg1md6v9gjoiu7n44k",
            "id": "enpkq1svdkp760b13a7n",
            "labels": {},
            "name": "gateway",
            "shared_egress_gateway": [
              {}
            ],
            "timeouts": null
          },
          "sensitive_attributes": [],
          "private": "eyJlMmJmYjczMC1lY2FhLTExZTYtOGY4OC0zNDM2M2JjN2M0YzAiOnsiY3JlYXRlIjo2MDAwMDAwMDAwMCwiZGVsZXRlIjo2MDAwMDAwMDAwMCwidXBkYXRlIjo2MDAwMDAwMDAwMH19"
        }
      ]
    },
    {
      "mode": "managed",
      "type": "yandex_vpc_network",
      "name": "sys-vpc-network",
      "provider": "provider[\"registry.terraform.io/yandex-cloud/yandex\"]",
      "instances": [
        {
          "schema_version": 0,
          "attributes": {
            "created_at": "2024-05-20T16:24:08Z",
            "default_security_group_id": "enp9fgsksblqss2d416e",
            "description": "",
            "folder_id": "b1gg1md6v9gjoiu7n44k",
            "id": "enpuv8c4uve58upler62",
            "labels": {},
            "name": "sys-vpc-network",
            "subnet_ids": [
              "e2ln8a0hblkliupfovni",
              "e9b12se1qo0oi2eeeg19",
              "fl8i0gpf1i5mk54j9tnq"
            ],
            "timeouts": null
          },
          "sensitive_attributes": [],
          "private": "eyJlMmJmYjczMC1lY2FhLTExZTYtOGY4OC0zNDM2M2JjN2M0YzAiOnsiY3JlYXRlIjo2MDAwMDAwMDAwMCwiZGVsZXRlIjo2MDAwMDAwMDAwMCwidXBkYXRlIjo2MDAwMDAwMDAwMH19"
        }
      ]
    },
    {
      "mode": "managed",
      "type": "yandex_vpc_route_table",
      "name": "rt",
      "provider": "provider[\"registry.terraform.io/yandex-cloud/yandex\"]",
      "instances": [
        {
          "schema_version": 0,
          "attributes": {
            "created_at": "2024-05-20T16:24:10Z",
            "description": "",
            "folder_id": "b1gg1md6v9gjoiu7n44k",
            "id": "enp8lkv0kiaf7l9jmp2u",
            "labels": {},
            "name": "test-route-table",
            "network_id": "enpuv8c4uve58upler62",
            "static_route": [
              {
                "destination_prefix": "0.0.0.0/0",
                "gateway_id": "enpkq1svdkp760b13a7n",
                "next_hop_address": ""
              }
            ],
            "timeouts": null
          },
          "sensitive_attributes": [],
          "private": "eyJlMmJmYjczMC1lY2FhLTExZTYtOGY4OC0zNDM2M2JjN2M0YzAiOnsiY3JlYXRlIjoxODAwMDAwMDAwMDAsImRlbGV0ZSI6MTgwMDAwMDAwMDAwLCJ1cGRhdGUiOjE4MDAwMDAwMDAwMH19",
          "dependencies": [
            "yandex_vpc_gateway.nat_gateway",
            "yandex_vpc_network.sys-vpc-network"
          ]
        }
      ]
    },
    {
      "mode": "managed",
      "type": "yandex_vpc_security_group",
      "name": "alb-group",
      "provider": "provider[\"registry.terraform.io/yandex-cloud/yandex\"]",
      "instances": [
        {
          "schema_version": 0,
          "attributes": {
            "created_at": "2024-05-20T16:24:13Z",
            "description": "Description for security group",
            "egress": [
              {
                "description": "Allow health check traffic",
                "from_port": -1,
                "id": "enpjhpogvvkkp05n3flp",
                "labels": {},
                "port": -1,
                "predefined_target": "",
                "protocol": "ANY",
                "security_group_id": "",
                "to_port": -1,
                "v4_cidr_blocks": [
                  "0.0.0.0/0"
                ],
                "v6_cidr_blocks": []
              }
            ],
            "folder_id": "b1gg1md6v9gjoiu7n44k",
            "id": "enp3otki7ts906jvp6b2",
            "ingress": [
              {
                "description": "Allow health check traffic",
                "from_port": -1,
                "id": "enpfkru0g33t9gav50t0",
                "labels": {},
                "port": -1,
                "predefined_target": "",
                "protocol": "ANY",
                "security_group_id": "",
                "to_port": -1,
                "v4_cidr_blocks": [
                  "0.0.0.0/0"
                ],
                "v6_cidr_blocks": []
              }
            ],
            "labels": {},
            "name": "LoadBalancer security group",
            "network_id": "enpuv8c4uve58upler62",
            "status": "ACTIVE",
            "timeouts": null
          },
          "sensitive_attributes": [],
          "private": "eyJlMmJmYjczMC1lY2FhLTExZTYtOGY4OC0zNDM2M2JjN2M0YzAiOnsiY3JlYXRlIjoxODAwMDAwMDAwMDAsImRlbGV0ZSI6MTgwMDAwMDAwMDAwLCJ1cGRhdGUiOjE4MDAwMDAwMDAwMH19",
          "dependencies": [
            "yandex_vpc_network.sys-vpc-network"
          ]
        }
      ]
    },
    {
      "mode": "managed",
      "type": "yandex_vpc_security_group",
      "name": "bastion",
      "provider": "provider[\"registry.terraform.io/yandex-cloud/yandex\"]",
      "instances": [
        {
          "schema_version": 0,
          "attributes": {
            "created_at": "2024-05-20T16:24:12Z",
            "description": "",
            "egress": [
              {
                "description": "allow any outgoing connection",
                "from_port": -1,
                "id": "enpb84iqcadiukjrh3o5",
                "labels": {},
                "port": -1,
                "predefined_target": "",
                "protocol": "ANY",
                "security_group_id": "",
                "to_port": -1,
                "v4_cidr_blocks": [
                  "0.0.0.0/0"
                ],
                "v6_cidr_blocks": []
              }
            ],
            "folder_id": "b1gg1md6v9gjoiu7n44k",
            "id": "enph7h703r2lnmbsohgf",
            "ingress": [
              {
                "description": "allow ping",
                "from_port": -1,
                "id": "enpuk88uhn27m365b3q4",
                "labels": {},
                "port": -1,
                "predefined_target": "",
                "protocol": "ICMP",
                "security_group_id": "",
                "to_port": -1,
                "v4_cidr_blocks": [
                  "0.0.0.0/0"
                ],
                "v6_cidr_blocks": []
              },
              {
                "description": "allow ssh connections from internet",
                "from_port": -1,
                "id": "enp3e6uq56fvik3846uh",
                "labels": {},
                "port": 22,
                "predefined_target": "",
                "protocol": "TCP",
                "security_group_id": "",
                "to_port": -1,
                "v4_cidr_blocks": [
                  "0.0.0.0/0"
                ],
                "v6_cidr_blocks": []
              }
            ],
            "labels": {},
            "name": "bastion",
            "network_id": "enpuv8c4uve58upler62",
            "status": "ACTIVE",
            "timeouts": null
          },
          "sensitive_attributes": [],
          "private": "eyJlMmJmYjczMC1lY2FhLTExZTYtOGY4OC0zNDM2M2JjN2M0YzAiOnsiY3JlYXRlIjoxODAwMDAwMDAwMDAsImRlbGV0ZSI6MTgwMDAwMDAwMDAwLCJ1cGRhdGUiOjE4MDAwMDAwMDAwMH19",
          "dependencies": [
            "yandex_vpc_network.sys-vpc-network"
          ]
        }
      ]
    },
    {
      "mode": "managed",
      "type": "yandex_vpc_security_group",
      "name": "elastic-group",
      "provider": "provider[\"registry.terraform.io/yandex-cloud/yandex\"]",
      "instances": [
        {
          "schema_version": 0,
          "attributes": {
            "created_at": "2024-05-20T16:24:21Z",
            "description": "",
            "egress": [
              {
                "description": "",
                "from_port": 0,
                "id": "enp7qbthf1c17banddp7",
                "labels": {},
                "port": -1,
                "predefined_target": "",
                "protocol": "ANY",
                "security_group_id": "",
                "to_port": 65535,
                "v4_cidr_blocks": [
                  "0.0.0.0/0"
                ],
                "v6_cidr_blocks": []
              }
            ],
            "folder_id": "b1gg1md6v9gjoiu7n44k",
            "id": "enp2f5989m9l8nav8h8v",
            "ingress": [
              {
                "description": "",
                "from_port": -1,
                "id": "enpbu29273g794vralo3",
                "labels": {},
                "port": 9200,
                "predefined_target": "",
                "protocol": "TCP",
                "security_group_id": "",
                "to_port": -1,
                "v4_cidr_blocks": [
                  "10.0.1.0/24",
                  "10.0.2.0/24",
                  "10.0.3.0/24"
                ],
                "v6_cidr_blocks": []
              },
              {
                "description": "",
                "from_port": -1,
                "id": "enpjjsq5f5c2b8nuoa53",
                "labels": {},
                "port": 22,
                "predefined_target": "",
                "protocol": "TCP",
                "security_group_id": "",
                "to_port": -1,
                "v4_cidr_blocks": [
                  "10.0.1.0/24",
                  "10.0.2.0/24",
                  "10.0.3.0/24"
                ],
                "v6_cidr_blocks": []
              },
              {
                "description": "",
                "from_port": 10050,
                "id": "enpj1jdmmtg3hmp9i5bb",
                "labels": {},
                "port": -1,
                "predefined_target": "",
                "protocol": "TCP",
                "security_group_id": "",
                "to_port": 10051,
                "v4_cidr_blocks": [
                  "10.0.1.0/24",
                  "10.0.2.0/24",
                  "10.0.3.0/24"
                ],
                "v6_cidr_blocks": []
              },
              {
                "description": "allow ping",
                "from_port": -1,
                "id": "enph3u9e4avt7894o0ut",
                "labels": {},
                "port": -1,
                "predefined_target": "",
                "protocol": "ICMP",
                "security_group_id": "",
                "to_port": -1,
                "v4_cidr_blocks": [
                  "0.0.0.0/0"
                ],
                "v6_cidr_blocks": []
              }
            ],
            "labels": {},
            "name": "elastic security group",
            "network_id": "enpuv8c4uve58upler62",
            "status": "ACTIVE",
            "timeouts": null
          },
          "sensitive_attributes": [],
          "private": "eyJlMmJmYjczMC1lY2FhLTExZTYtOGY4OC0zNDM2M2JjN2M0YzAiOnsiY3JlYXRlIjoxODAwMDAwMDAwMDAsImRlbGV0ZSI6MTgwMDAwMDAwMDAwLCJ1cGRhdGUiOjE4MDAwMDAwMDAwMH19",
          "dependencies": [
            "yandex_vpc_network.sys-vpc-network"
          ]
        }
      ]
    },
    {
      "mode": "managed",
      "type": "yandex_vpc_security_group",
      "name": "kibana-group",
      "provider": "provider[\"registry.terraform.io/yandex-cloud/yandex\"]",
      "instances": [
        {
          "schema_version": 0,
          "attributes": {
            "created_at": "2024-05-20T16:24:19Z",
            "description": "",
            "egress": [
              {
                "description": "",
                "from_port": 0,
                "id": "enpsvjla928il6c24s6l",
                "labels": {},
                "port": -1,
                "predefined_target": "",
                "protocol": "ANY",
                "security_group_id": "",
                "to_port": 65535,
                "v4_cidr_blocks": [
                  "0.0.0.0/0"
                ],
                "v6_cidr_blocks": []
              }
            ],
            "folder_id": "b1gg1md6v9gjoiu7n44k",
            "id": "enpl9ih8vd1kbcetn6ks",
            "ingress": [
              {
                "description": "",
                "from_port": -1,
                "id": "enp3qog518vskqr5fk3h",
                "labels": {},
                "port": 5601,
                "predefined_target": "",
                "protocol": "TCP",
                "security_group_id": "",
                "to_port": -1,
                "v4_cidr_blocks": [
                  "0.0.0.0/0"
                ],
                "v6_cidr_blocks": []
              },
              {
                "description": "",
                "from_port": -1,
                "id": "enp5pl3hgsir76gvisv7",
                "labels": {},
                "port": 22,
                "predefined_target": "",
                "protocol": "TCP",
                "security_group_id": "",
                "to_port": -1,
                "v4_cidr_blocks": [
                  "10.0.1.0/24",
                  "10.0.2.0/24",
                  "10.0.3.0/24"
                ],
                "v6_cidr_blocks": []
              },
              {
                "description": "",
                "from_port": -1,
                "id": "enpq7vfp7dncqn6ou3p5",
                "labels": {},
                "port": 80,
                "predefined_target": "",
                "protocol": "TCP",
                "security_group_id": "",
                "to_port": -1,
                "v4_cidr_blocks": [
                  "0.0.0.0/0"
                ],
                "v6_cidr_blocks": []
              },
              {
                "description": "",
                "from_port": 10050,
                "id": "enpnj91r1basacrbbt66",
                "labels": {},
                "port": -1,
                "predefined_target": "",
                "protocol": "TCP",
                "security_group_id": "",
                "to_port": 10051,
                "v4_cidr_blocks": [
                  "10.0.1.0/24",
                  "10.0.2.0/24",
                  "10.0.3.0/24"
                ],
                "v6_cidr_blocks": []
              },
              {
                "description": "allow ping",
                "from_port": -1,
                "id": "enp12s5po1bf00f8ub9k",
                "labels": {},
                "port": -1,
                "predefined_target": "",
                "protocol": "ICMP",
                "security_group_id": "",
                "to_port": -1,
                "v4_cidr_blocks": [
                  "0.0.0.0/0"
                ],
                "v6_cidr_blocks": []
              }
            ],
            "labels": {},
            "name": "kibana security group",
            "network_id": "enpuv8c4uve58upler62",
            "status": "ACTIVE",
            "timeouts": null
          },
          "sensitive_attributes": [],
          "private": "eyJlMmJmYjczMC1lY2FhLTExZTYtOGY4OC0zNDM2M2JjN2M0YzAiOnsiY3JlYXRlIjoxODAwMDAwMDAwMDAsImRlbGV0ZSI6MTgwMDAwMDAwMDAwLCJ1cGRhdGUiOjE4MDAwMDAwMDAwMH19",
          "dependencies": [
            "yandex_vpc_network.sys-vpc-network"
          ]
        }
      ]
    },
    {
      "mode": "managed",
      "type": "yandex_vpc_security_group",
      "name": "nginx-group",
      "provider": "provider[\"registry.terraform.io/yandex-cloud/yandex\"]",
      "instances": [
        {
          "schema_version": 0,
          "attributes": {
            "created_at": "2024-05-20T16:24:15Z",
            "description": "",
            "egress": [
              {
                "description": "",
                "from_port": 0,
                "id": "enpuvs4jp107orqlc6fg",
                "labels": {},
                "port": -1,
                "predefined_target": "",
                "protocol": "ANY",
                "security_group_id": "",
                "to_port": 65535,
                "v4_cidr_blocks": [
                  "0.0.0.0/0"
                ],
                "v6_cidr_blocks": []
              }
            ],
            "folder_id": "b1gg1md6v9gjoiu7n44k",
            "id": "enpbd8i6e97bg8vpggkt",
            "ingress": [
              {
                "description": "",
                "from_port": -1,
                "id": "enp2bi3o7t42h4jbv3ce",
                "labels": {},
                "port": 9100,
                "predefined_target": "",
                "protocol": "TCP",
                "security_group_id": "",
                "to_port": -1,
                "v4_cidr_blocks": [
                  "10.0.1.0/24",
                  "10.0.2.0/24",
                  "10.0.3.0/24"
                ],
                "v6_cidr_blocks": []
              },
              {
                "description": "",
                "from_port": -1,
                "id": "enp554o84q4e1u0g2q0u",
                "labels": {},
                "port": 22,
                "predefined_target": "",
                "protocol": "TCP",
                "security_group_id": "",
                "to_port": -1,
                "v4_cidr_blocks": [
                  "10.0.1.0/24",
                  "10.0.2.0/24",
                  "10.0.3.0/24"
                ],
                "v6_cidr_blocks": []
              },
              {
                "description": "",
                "from_port": -1,
                "id": "enp5e0riijtso0uln1jm",
                "labels": {},
                "port": 80,
                "predefined_target": "",
                "protocol": "TCP",
                "security_group_id": "",
                "to_port": -1,
                "v4_cidr_blocks": [
                  "10.0.1.0/24",
                  "10.0.2.0/24",
                  "10.0.3.0/24"
                ],
                "v6_cidr_blocks": []
              },
              {
                "description": "",
                "from_port": -1,
                "id": "enpte18sv9t1iaf5mfkr",
                "labels": {},
                "port": 4040,
                "predefined_target": "",
                "protocol": "TCP",
                "security_group_id": "",
                "to_port": -1,
                "v4_cidr_blocks": [
                  "10.0.1.0/24",
                  "10.0.2.0/24",
                  "10.0.3.0/24"
                ],
                "v6_cidr_blocks": []
              },
              {
                "description": "",
                "from_port": 10050,
                "id": "enprll0igg8rt75smre7",
                "labels": {},
                "port": -1,
                "predefined_target": "",
                "protocol": "TCP",
                "security_group_id": "",
                "to_port": 10051,
                "v4_cidr_blocks": [
                  "10.0.1.0/24",
                  "10.0.2.0/24",
                  "10.0.3.0/24"
                ],
                "v6_cidr_blocks": []
              },
              {
                "description": "allow ping",
                "from_port": -1,
                "id": "enptnaqp381j3uqle2nu",
                "labels": {},
                "port": -1,
                "predefined_target": "",
                "protocol": "ICMP",
                "security_group_id": "",
                "to_port": -1,
                "v4_cidr_blocks": [
                  "0.0.0.0/0"
                ],
                "v6_cidr_blocks": []
              }
            ],
            "labels": {},
            "name": "My security group webservers",
            "network_id": "enpuv8c4uve58upler62",
            "status": "ACTIVE",
            "timeouts": null
          },
          "sensitive_attributes": [],
          "private": "eyJlMmJmYjczMC1lY2FhLTExZTYtOGY4OC0zNDM2M2JjN2M0YzAiOnsiY3JlYXRlIjoxODAwMDAwMDAwMDAsImRlbGV0ZSI6MTgwMDAwMDAwMDAwLCJ1cGRhdGUiOjE4MDAwMDAwMDAwMH19",
          "dependencies": [
            "yandex_vpc_network.sys-vpc-network"
          ]
        }
      ]
    },
    {
      "mode": "managed",
      "type": "yandex_vpc_security_group",
      "name": "zabbix-group",
      "provider": "provider[\"registry.terraform.io/yandex-cloud/yandex\"]",
      "instances": [
        {
          "schema_version": 0,
          "attributes": {
            "created_at": "2024-05-20T16:24:17Z",
            "description": "",
            "egress": [
              {
                "description": "",
                "from_port": 0,
                "id": "enptikdqak01ih6ag6fs",
                "labels": {},
                "port": -1,
                "predefined_target": "",
                "protocol": "ANY",
                "security_group_id": "",
                "to_port": 65535,
                "v4_cidr_blocks": [
                  "0.0.0.0/0"
                ],
                "v6_cidr_blocks": []
              }
            ],
            "folder_id": "b1gg1md6v9gjoiu7n44k",
            "id": "enpth5dpifvv6o4bcojh",
            "ingress": [
              {
                "description": "",
                "from_port": -1,
                "id": "enp18825q8nmgcf9mnbn",
                "labels": {},
                "port": 8443,
                "predefined_target": "",
                "protocol": "TCP",
                "security_group_id": "",
                "to_port": -1,
                "v4_cidr_blocks": [
                  "0.0.0.0/0"
                ],
                "v6_cidr_blocks": []
              },
              {
                "description": "",
                "from_port": -1,
                "id": "enpcapvac3f8k2g2kjmn",
                "labels": {},
                "port": 22,
                "predefined_target": "",
                "protocol": "TCP",
                "security_group_id": "",
                "to_port": -1,
                "v4_cidr_blocks": [
                  "10.0.1.0/24",
                  "10.0.2.0/24",
                  "10.0.3.0/24"
                ],
                "v6_cidr_blocks": []
              },
              {
                "description": "",
                "from_port": -1,
                "id": "enpo4sinjnh2cjmlj9uv",
                "labels": {},
                "port": 80,
                "predefined_target": "",
                "protocol": "TCP",
                "security_group_id": "",
                "to_port": -1,
                "v4_cidr_blocks": [
                  "0.0.0.0/0"
                ],
                "v6_cidr_blocks": []
              },
              {
                "description": "",
                "from_port": 10050,
                "id": "enpnci2olc24kk5vju3o",
                "labels": {},
                "port": -1,
                "predefined_target": "",
                "protocol": "TCP",
                "security_group_id": "",
                "to_port": 10051,
                "v4_cidr_blocks": [
                  "10.0.1.0/24",
                  "10.0.2.0/24",
                  "10.0.3.0/24"
                ],
                "v6_cidr_blocks": []
              },
              {
                "description": "allow ping",
                "from_port": -1,
                "id": "enp5ti8p9u2f29h89fuo",
                "labels": {},
                "port": -1,
                "predefined_target": "",
                "protocol": "ICMP",
                "security_group_id": "",
                "to_port": -1,
                "v4_cidr_blocks": [
                  "0.0.0.0/0"
                ],
                "v6_cidr_blocks": []
              }
            ],
            "labels": {},
            "name": "Zabbix security group",
            "network_id": "enpuv8c4uve58upler62",
            "status": "ACTIVE",
            "timeouts": null
          },
          "sensitive_attributes": [],
          "private": "eyJlMmJmYjczMC1lY2FhLTExZTYtOGY4OC0zNDM2M2JjN2M0YzAiOnsiY3JlYXRlIjoxODAwMDAwMDAwMDAsImRlbGV0ZSI6MTgwMDAwMDAwMDAwLCJ1cGRhdGUiOjE4MDAwMDAwMDAwMH19",
          "dependencies": [
            "yandex_vpc_network.sys-vpc-network"
          ]
        }
      ]
    },
    {
      "mode": "managed",
      "type": "yandex_vpc_subnet",
      "name": "lab-subnet-a",
      "provider": "provider[\"registry.terraform.io/yandex-cloud/yandex\"]",
      "instances": [
        {
          "schema_version": 0,
          "attributes": {
            "created_at": "2024-05-20T16:24:12Z",
            "description": "",
            "dhcp_options": [],
            "folder_id": "b1gg1md6v9gjoiu7n44k",
            "id": "e9b12se1qo0oi2eeeg19",
            "labels": {},
            "name": "subnet-1",
            "network_id": "enpuv8c4uve58upler62",
            "route_table_id": "enp8lkv0kiaf7l9jmp2u",
            "timeouts": null,
            "v4_cidr_blocks": [
              "10.0.1.0/24"
            ],
            "v6_cidr_blocks": [],
            "zone": "ru-central1-a"
          },
          "sensitive_attributes": [],
          "private": "eyJlMmJmYjczMC1lY2FhLTExZTYtOGY4OC0zNDM2M2JjN2M0YzAiOnsiY3JlYXRlIjoxODAwMDAwMDAwMDAsImRlbGV0ZSI6MTgwMDAwMDAwMDAwLCJ1cGRhdGUiOjE4MDAwMDAwMDAwMH19",
          "dependencies": [
            "yandex_vpc_gateway.nat_gateway",
            "yandex_vpc_network.sys-vpc-network",
            "yandex_vpc_route_table.rt"
          ]
        }
      ]
    },
    {
      "mode": "managed",
      "type": "yandex_vpc_subnet",
      "name": "lab-subnet-b",
      "provider": "provider[\"registry.terraform.io/yandex-cloud/yandex\"]",
      "instances": [
        {
          "schema_version": 0,
          "attributes": {
            "created_at": "2024-05-20T16:24:13Z",
            "description": "",
            "dhcp_options": [],
            "folder_id": "b1gg1md6v9gjoiu7n44k",
            "id": "e2ln8a0hblkliupfovni",
            "labels": {},
            "name": "subnet-2",
            "network_id": "enpuv8c4uve58upler62",
            "route_table_id": "enp8lkv0kiaf7l9jmp2u",
            "timeouts": null,
            "v4_cidr_blocks": [
              "10.0.2.0/24"
            ],
            "v6_cidr_blocks": [],
            "zone": "ru-central1-b"
          },
          "sensitive_attributes": [],
          "private": "eyJlMmJmYjczMC1lY2FhLTExZTYtOGY4OC0zNDM2M2JjN2M0YzAiOnsiY3JlYXRlIjoxODAwMDAwMDAwMDAsImRlbGV0ZSI6MTgwMDAwMDAwMDAwLCJ1cGRhdGUiOjE4MDAwMDAwMDAwMH19",
          "dependencies": [
            "yandex_vpc_gateway.nat_gateway",
            "yandex_vpc_network.sys-vpc-network",
            "yandex_vpc_route_table.rt"
          ]
        }
      ]
    },
    {
      "mode": "managed",
      "type": "yandex_vpc_subnet",
      "name": "lab-subnet-d",
      "provider": "provider[\"registry.terraform.io/yandex-cloud/yandex\"]",
      "instances": [
        {
          "schema_version": 0,
          "attributes": {
            "created_at": "2024-05-20T16:24:12Z",
            "description": "",
            "dhcp_options": [],
            "folder_id": "b1gg1md6v9gjoiu7n44k",
            "id": "fl8i0gpf1i5mk54j9tnq",
            "labels": {},
            "name": "subnet-3",
            "network_id": "enpuv8c4uve58upler62",
            "route_table_id": "enp8lkv0kiaf7l9jmp2u",
            "timeouts": null,
            "v4_cidr_blocks": [
              "10.0.3.0/24"
            ],
            "v6_cidr_blocks": [],
            "zone": "ru-central1-d"
          },
          "sensitive_attributes": [],
          "private": "eyJlMmJmYjczMC1lY2FhLTExZTYtOGY4OC0zNDM2M2JjN2M0YzAiOnsiY3JlYXRlIjoxODAwMDAwMDAwMDAsImRlbGV0ZSI6MTgwMDAwMDAwMDAwLCJ1cGRhdGUiOjE4MDAwMDAwMDAwMH19",
          "dependencies": [
            "yandex_vpc_gateway.nat_gateway",
            "yandex_vpc_network.sys-vpc-network",
            "yandex_vpc_route_table.rt"
          ]
        }
      ]
    }
  ],
  "check_results": null
}
